
Microsoft Visual Studio Solution File, Format Version 12.00
# Visual Studio 2013
VisualStudioVersion = 12.0.30723.0
MinimumVisualStudioVersion = 10.0.40219.1
Project("{CC5FD16D-436D-48AD-A40C-5A424C6E3E79}") = "AzureCloudService1", "AzureCloudService1\AzureCloudService1.ccproj", "{8C734175-8E3C-47F5-AF11-420C5DF82E4B}"
EndProject
Project("{FAE04EC0-301F-11D3-BF4B-00C04F79EFBC}") = "WebRole1", "WebRole1\WebRole1.csproj", "{1E85BA28-1B83-41A5-967B-8342069395EB}"
EndProject
Global
	GlobalSection(SolutionConfigurationPlatforms) = preSolution
		Debug|Any CPU = Debug|Any CPU
		Release|Any CPU = Release|Any CPU
	EndGlobalSection
	GlobalSection(ProjectConfigurationPlatforms) = postSolution
		{8C734175-8E3C-47F5-AF11-420C5DF82E4B}.Debug|Any CPU.ActiveCfg = Debug|Any CPU
		{8C734175-8E3C-47F5-AF11-420C5DF82E4B}.Debug|Any CPU.Build.0 = Debug|Any CPU
		{8C734175-8E3C-47F5-AF11-420C5DF82E4B}.Release|Any CPU.ActiveCfg = Release|Any CPU
		{8C734175-8E3C-47F5-AF11-420C5DF82E4B}.Release|Any CPU.Build.0 = Release|Any CPU
		{1E85BA28-1B83-41A5-967B-8342069395EB}.Debug|Any CPU.ActiveCfg = Debug|Any CPU
		{1E85BA28-1B83-41A5-967B-8342069395EB}.Debug|Any CPU.Build.0 = Debug|Any CPU
		{1E85BA28-1B83-41A5-967B-8342069395EB}.Release|Any CPU.ActiveCfg = Release|Any CPU
		{1E85BA28-1B83-41A5-967B-8342069395EB}.Release|Any CPU.Build.0 = Release|Any CPU
	EndGlobalSection
	GlobalSection(SolutionProperties) = preSolution
		HideSolutionNode = FALSE
	EndGlobalSection
EndGlobal
